
Microsoft Visual Studio Solution File, Format Version 12.00
# Visual Studio Version 17
VisualStudioVersion = 17.0.31903.59
MinimumVisualStudioVersion = 10.0.40219.1
Project("{2150E333-8FDC-42A3-9474-1A3956D46DE8}") = "client-sdk", "client-sdk", "{D286F1A0-508F-44FE-B01E-8C78DC797BAF}"
EndProject
Project("{2150E333-8FDC-42A3-9474-1A3956D46DE8}") = "frameworks", "frameworks", "{522D3DCD-211F-4743-8227-F29336188B8C}"
EndProject
Project("{FAE04EC0-301F-11D3-BF4B-00C04F79EFBC}") = "MauiApp", "client-sdk\frameworks\maui\MauiApp.csproj", "{05AE21BF-E50B-49A5-954A-39EABAC55B39}"
EndProject
Project("{FAE04EC0-301F-11D3-BF4B-00C04F79EFBC}") = "DotNetConsoleApp", "client-sdk\getting-started\DotNetConsoleApp.csproj", "{799C49DA-F7A6-422B-B685-5204FDE66358}"
EndProject
Project("{2150E333-8FDC-42A3-9474-1A3956D46DE8}") = "openfeature-server-provider", "openfeature-server-provider", "{7EED7F94-CF32-432A-A009-797913F723AF}"
EndProject
Project("{FAE04EC0-301F-11D3-BF4B-00C04F79EFBC}") = "HelloOpenFeatureDotnet", "openfeature-server-provider\getting-started\HelloOpenFeatureDotnet.csproj", "{B7430A96-0B8C-4061-828B-CF275EB385A5}"
EndProject
Project("{2150E333-8FDC-42A3-9474-1A3956D46DE8}") = "server-sdk-ai", "server-sdk-ai", "{6831A1FC-9119-41AD-AD40-AC450FB12D5A}"
EndProject
Project("{2150E333-8FDC-42A3-9474-1A3956D46DE8}") = "features", "features", "{411C1386-1DD5-4134-B97F-E52705C14110}"
EndProject
Project("{FAE04EC0-301F-11D3-BF4B-00C04F79EFBC}") = "AgentConfig", "server-sdk-ai\features\agent-config\AgentConfig.csproj", "{B5E578F6-7535-4BAD-814E-96B7DE068B19}"
EndProject
Project("{FAE04EC0-301F-11D3-BF4B-00C04F79EFBC}") = "CompletionConfig", "server-sdk-ai\features\completion-config\CompletionConfig.csproj", "{592EC2F9-78F2-477B-ADA9-91658562D3BC}"
EndProject
Project("{FAE04EC0-301F-11D3-BF4B-00C04F79EFBC}") = "JudgeConfig", "server-sdk-ai\features\judge-config\JudgeConfig.csproj", "{54B22ADF-8982-4008-A2FC-9C09FA419A26}"
EndProject
Project("{2150E333-8FDC-42A3-9474-1A3956D46DE8}") = "frameworks", "frameworks", "{73E6A988-4248-404C-8603-61E588B011DB}"
EndProject
Project("{2150E333-8FDC-42A3-9474-1A3956D46DE8}") = "bedrock", "bedrock", "{8D769861-00E7-412B-9358-9B8EE768548A}"
EndProject
Project("{FAE04EC0-301F-11D3-BF4B-00C04F79EFBC}") = "BedrockConverse", "server-sdk-ai\frameworks\bedrock\converse\BedrockConverse.csproj", "{9ED871B3-84ED-43A5-BD7C-FD7E7B803F61}"
EndProject
Project("{2150E333-8FDC-42A3-9474-1A3956D46DE8}") = "openai", "openai", "{9C5CD097-E9C5-4A4D-A1A2-53B68B4980A9}"
EndProject
Project("{FAE04EC0-301F-11D3-BF4B-00C04F79EFBC}") = "OpenAiChatCompletions", "server-sdk-ai\frameworks\openai\chat-completions\OpenAiChatCompletions.csproj", "{D7318F45-1851-4BC0-AEAF-DA10EDC3BC09}"
EndProject
Project("{2150E333-8FDC-42A3-9474-1A3956D46DE8}") = "server-sdk", "server-sdk", "{4A3AC37A-EFB4-4219-BA57-5B3F7D3D1435}"
EndProject
Project("{2150E333-8FDC-42A3-9474-1A3956D46DE8}") = "getting-started", "getting-started", "{A6A1C21E-2F22-4BD9-BEDD-B4DA70902BFA}"
EndProject
Project("{FAE04EC0-301F-11D3-BF4B-00C04F79EFBC}") = "HelloDotNet", "server-sdk\getting-started\HelloDotNet\HelloDotNet.csproj", "{5139EDE4-B629-481E-B880-6DBF563DFF25}"
EndProject
Global
	GlobalSection(SolutionConfigurationPlatforms) = preSolution
		Debug|Any CPU = Debug|Any CPU
		Release|Any CPU = Release|Any CPU
	EndGlobalSection
	GlobalSection(SolutionProperties) = preSolution
		HideSolutionNode = FALSE
	EndGlobalSection
	GlobalSection(ProjectConfigurationPlatforms) = postSolution
		{05AE21BF-E50B-49A5-954A-39EABAC55B39}.Debug|Any CPU.ActiveCfg = Debug|Any CPU
		{05AE21BF-E50B-49A5-954A-39EABAC55B39}.Debug|Any CPU.Build.0 = Debug|Any CPU
		{05AE21BF-E50B-49A5-954A-39EABAC55B39}.Debug|Any CPU.Deploy.0 = Debug|Any CPU
		{05AE21BF-E50B-49A5-954A-39EABAC55B39}.Release|Any CPU.ActiveCfg = Release|Any CPU
		{05AE21BF-E50B-49A5-954A-39EABAC55B39}.Release|Any CPU.Build.0 = Release|Any CPU
		{05AE21BF-E50B-49A5-954A-39EABAC55B39}.Release|Any CPU.Deploy.0 = Release|Any CPU
		{799C49DA-F7A6-422B-B685-5204FDE66358}.Debug|Any CPU.ActiveCfg = Debug|Any CPU
		{799C49DA-F7A6-422B-B685-5204FDE66358}.Debug|Any CPU.Build.0 = Debug|Any CPU
		{799C49DA-F7A6-422B-B685-5204FDE66358}.Release|Any CPU.ActiveCfg = Release|Any CPU
		{799C49DA-F7A6-422B-B685-5204FDE66358}.Release|Any CPU.Build.0 = Release|Any CPU
		{B7430A96-0B8C-4061-828B-CF275EB385A5}.Debug|Any CPU.ActiveCfg = Debug|Any CPU
		{B7430A96-0B8C-4061-828B-CF275EB385A5}.Debug|Any CPU.Build.0 = Debug|Any CPU
		{B7430A96-0B8C-4061-828B-CF275EB385A5}.Release|Any CPU.ActiveCfg = Release|Any CPU
		{B7430A96-0B8C-4061-828B-CF275EB385A5}.Release|Any CPU.Build.0 = Release|Any CPU
		{B5E578F6-7535-4BAD-814E-96B7DE068B19}.Debug|Any CPU.ActiveCfg = Debug|Any CPU
		{B5E578F6-7535-4BAD-814E-96B7DE068B19}.Debug|Any CPU.Build.0 = Debug|Any CPU
		{B5E578F6-7535-4BAD-814E-96B7DE068B19}.Release|Any CPU.ActiveCfg = Release|Any CPU
		{B5E578F6-7535-4BAD-814E-96B7DE068B19}.Release|Any CPU.Build.0 = Release|Any CPU
		{592EC2F9-78F2-477B-ADA9-91658562D3BC}.Debug|Any CPU.ActiveCfg = Debug|Any CPU
		{592EC2F9-78F2-477B-ADA9-91658562D3BC}.Debug|Any CPU.Build.0 = Debug|Any CPU
		{592EC2F9-78F2-477B-ADA9-91658562D3BC}.Release|Any CPU.ActiveCfg = Release|Any CPU
		{592EC2F9-78F2-477B-ADA9-91658562D3BC}.Release|Any CPU.Build.0 = Release|Any CPU
		{54B22ADF-8982-4008-A2FC-9C09FA419A26}.Debug|Any CPU.ActiveCfg = Debug|Any CPU
		{54B22ADF-8982-4008-A2FC-9C09FA419A26}.Debug|Any CPU.Build.0 = Debug|Any CPU
		{54B22ADF-8982-4008-A2FC-9C09FA419A26}.Release|Any CPU.ActiveCfg = Release|Any CPU
		{54B22ADF-8982-4008-A2FC-9C09FA419A26}.Release|Any CPU.Build.0 = Release|Any CPU
		{9ED871B3-84ED-43A5-BD7C-FD7E7B803F61}.Debug|Any CPU.ActiveCfg = Debug|Any CPU
		{9ED871B3-84ED-43A5-BD7C-FD7E7B803F61}.Debug|Any CPU.Build.0 = Debug|Any CPU
		{9ED871B3-84ED-43A5-BD7C-FD7E7B803F61}.Release|Any CPU.ActiveCfg = Release|Any CPU
		{9ED871B3-84ED-43A5-BD7C-FD7E7B803F61}.Release|Any CPU.Build.0 = Release|Any CPU
		{D7318F45-1851-4BC0-AEAF-DA10EDC3BC09}.Debug|Any CPU.ActiveCfg = Debug|Any CPU
		{D7318F45-1851-4BC0-AEAF-DA10EDC3BC09}.Debug|Any CPU.Build.0 = Debug|Any CPU
		{D7318F45-1851-4BC0-AEAF-DA10EDC3BC09}.Release|Any CPU.ActiveCfg = Release|Any CPU
		{D7318F45-1851-4BC0-AEAF-DA10EDC3BC09}.Release|Any CPU.Build.0 = Release|Any CPU
		{5139EDE4-B629-481E-B880-6DBF563DFF25}.Debug|Any CPU.ActiveCfg = Debug|Any CPU
		{5139EDE4-B629-481E-B880-6DBF563DFF25}.Debug|Any CPU.Build.0 = Debug|Any CPU
		{5139EDE4-B629-481E-B880-6DBF563DFF25}.Release|Any CPU.ActiveCfg = Release|Any CPU
		{5139EDE4-B629-481E-B880-6DBF563DFF25}.Release|Any CPU.Build.0 = Release|Any CPU
	EndGlobalSection
	GlobalSection(NestedProjects) = preSolution
		{522D3DCD-211F-4743-8227-F29336188B8C} = {D286F1A0-508F-44FE-B01E-8C78DC797BAF}
		{05AE21BF-E50B-49A5-954A-39EABAC55B39} = {522D3DCD-211F-4743-8227-F29336188B8C}
		{799C49DA-F7A6-422B-B685-5204FDE66358} = {D286F1A0-508F-44FE-B01E-8C78DC797BAF}
		{B7430A96-0B8C-4061-828B-CF275EB385A5} = {7EED7F94-CF32-432A-A009-797913F723AF}
		{411C1386-1DD5-4134-B97F-E52705C14110} = {6831A1FC-9119-41AD-AD40-AC450FB12D5A}
		{B5E578F6-7535-4BAD-814E-96B7DE068B19} = {411C1386-1DD5-4134-B97F-E52705C14110}
		{592EC2F9-78F2-477B-ADA9-91658562D3BC} = {411C1386-1DD5-4134-B97F-E52705C14110}
		{54B22ADF-8982-4008-A2FC-9C09FA419A26} = {411C1386-1DD5-4134-B97F-E52705C14110}
		{73E6A988-4248-404C-8603-61E588B011DB} = {6831A1FC-9119-41AD-AD40-AC450FB12D5A}
		{8D769861-00E7-412B-9358-9B8EE768548A} = {73E6A988-4248-404C-8603-61E588B011DB}
		{9ED871B3-84ED-43A5-BD7C-FD7E7B803F61} = {8D769861-00E7-412B-9358-9B8EE768548A}
		{9C5CD097-E9C5-4A4D-A1A2-53B68B4980A9} = {73E6A988-4248-404C-8603-61E588B011DB}
		{D7318F45-1851-4BC0-AEAF-DA10EDC3BC09} = {9C5CD097-E9C5-4A4D-A1A2-53B68B4980A9}
		{A6A1C21E-2F22-4BD9-BEDD-B4DA70902BFA} = {4A3AC37A-EFB4-4219-BA57-5B3F7D3D1435}
		{5139EDE4-B629-481E-B880-6DBF563DFF25} = {A6A1C21E-2F22-4BD9-BEDD-B4DA70902BFA}
	EndGlobalSection
EndGlobal
